
Microsoft Visual Studio Solution File, Format Version 12.00
# Visual Studio 2012
Project("{FAE04EC0-301F-11D3-BF4B-00C04F79EFBC}") = "SharpDash", "SharpDash\SharpDash.csproj", "{C99DEC0E-F9C6-4E59-852B-17E0A303D307}"
EndProject
Global
	GlobalSection(SolutionConfigurationPlatforms) = preSolution
		Debug|Any CPU = Debug|Any CPU
		Release|Any CPU = Release|Any CPU
	EndGlobalSection
	GlobalSection(ProjectConfigurationPlatforms) = postSolution
		{C99DEC0E-F9C6-4E59-852B-17E0A303D307}.Debug|Any CPU.ActiveCfg = Debug|Any CPU
		{C99DEC0E-F9C6-4E59-852B-17E0A303D307}.Debug|Any CPU.Build.0 = Debug|Any CPU
		{C99DEC0E-F9C6-4E59-852B-17E0A303D307}.Release|Any CPU.ActiveCfg = Release|Any CPU
		{C99DEC0E-F9C6-4E59-852B-17E0A303D307}.Release|Any CPU.Build.0 = Release|Any CPU
	EndGlobalSection
	GlobalSection(SolutionProperties) = preSolution
		HideSolutionNode = FALSE
	EndGlobalSection
EndGlobal
