
Microsoft Visual Studio Solution File, Format Version 12.00
# Visual Studio 2012
Project("{FAE04EC0-301F-11D3-BF4B-00C04F79EFBC}") = "SharpDash", "SharpDash\SharpDash.csproj", "{C99DEC0E-F9C6-4E59-852B-17E0A303D307}"
EndProject
Project("{2150E333-8FDC-42A3-9474-1A3956D46DE8}") = ".nuget", ".nuget", "{44893610-CAF7-4353-84B8-74353CCC4344}"
	ProjectSection(SolutionItems) = preProject
		.nuget\NuGet.Config = .nuget\NuGet.Config
		.nuget\NuGet.exe = .nuget\NuGet.exe
		.nuget\NuGet.targets = .nuget\NuGet.targets
	EndProjectSection
EndProject
Project("{FAE04EC0-301F-11D3-BF4B-00C04F79EFBC}") = "SharpDash.Tests", "SharpDash.Tests\SharpDash.Tests.csproj", "{7E43F173-47CA-4A85-96EA-75DC614F8764}"
EndProject
Project("{FAE04EC0-301F-11D3-BF4B-00C04F79EFBC}") = "SharpDash.Domain", "SharpDash.Domain\SharpDash.Domain.csproj", "{D837CB36-C9A7-43F9-A1B5-1F1A426D55D5}"
EndProject
Global
	GlobalSection(SolutionConfigurationPlatforms) = preSolution
		Debug|Any CPU = Debug|Any CPU
		Release|Any CPU = Release|Any CPU
	EndGlobalSection
	GlobalSection(ProjectConfigurationPlatforms) = postSolution
		{C99DEC0E-F9C6-4E59-852B-17E0A303D307}.Debug|Any CPU.ActiveCfg = Debug|Any CPU
		{C99DEC0E-F9C6-4E59-852B-17E0A303D307}.Debug|Any CPU.Build.0 = Debug|Any CPU
		{C99DEC0E-F9C6-4E59-852B-17E0A303D307}.Release|Any CPU.ActiveCfg = Release|Any CPU
		{C99DEC0E-F9C6-4E59-852B-17E0A303D307}.Release|Any CPU.Build.0 = Release|Any CPU
		{7E43F173-47CA-4A85-96EA-75DC614F8764}.Debug|Any CPU.ActiveCfg = Debug|Any CPU
		{7E43F173-47CA-4A85-96EA-75DC614F8764}.Debug|Any CPU.Build.0 = Debug|Any CPU
		{7E43F173-47CA-4A85-96EA-75DC614F8764}.Release|Any CPU.ActiveCfg = Release|Any CPU
		{7E43F173-47CA-4A85-96EA-75DC614F8764}.Release|Any CPU.Build.0 = Release|Any CPU
		{D837CB36-C9A7-43F9-A1B5-1F1A426D55D5}.Debug|Any CPU.ActiveCfg = Debug|Any CPU
		{D837CB36-C9A7-43F9-A1B5-1F1A426D55D5}.Debug|Any CPU.Build.0 = Debug|Any CPU
		{D837CB36-C9A7-43F9-A1B5-1F1A426D55D5}.Release|Any CPU.ActiveCfg = Release|Any CPU
		{D837CB36-C9A7-43F9-A1B5-1F1A426D55D5}.Release|Any CPU.Build.0 = Release|Any CPU
	EndGlobalSection
	GlobalSection(SolutionProperties) = preSolution
		HideSolutionNode = FALSE
	EndGlobalSection
EndGlobal
